# This file is generated by running "yarn install" inside your project.
# Manual changes might be lost - proceed with caution!

__metadata:
  version: 8
  cacheKey: 10

"gakumas-data@https://github.com/surisuririsu/gakumas-data#v4.4.0":
  version: 4.4.0
  resolution: "gakumas-data@https://github.com/surisuririsu/gakumas-data.git#commit=8b32fa931c24a82b6105acb455fe6bf306d61232"
  checksum: 10/9c7e507adc48a7b84c296279a2994fff41cc59208016b4bd2e5ed8c88cd456305b1d84c063d694c80347b2ee6d1415d5d73bf85a74f93bb32466a1b355e031ac
  languageName: node
  linkType: hard

"gakumas-engine@workspace:.":
  version: 0.0.0-use.local
  resolution: "gakumas-engine@workspace:."
  dependencies:
    gakumas-data: "https://github.com/surisuririsu/gakumas-data#v4.4.0"
  languageName: unknown
  linkType: soft
