# This file is generated by running "yarn install" inside your project.
# Manual changes might be lost - proceed with caution!

__metadata:
  version: 6
  cacheKey: 8

"gakumas-data@file:../gakumas-data::locator=gakumas-engine%40workspace%3A.":
  version: 0.1.0
  resolution: "gakumas-data@file:../gakumas-data#../gakumas-data::hash=95f62b&locator=gakumas-engine%40workspace%3A."
  checksum: 634fee22d02ec4fb01e06776605a127bb2392b39de5bc8b172094d4de1739f47492d3ebc1947ff3257fe82d90a1dfbeb7eebbbca73770340f3c3e69a8fbf00c9
  languageName: node
  linkType: hard

"gakumas-engine@workspace:.":
  version: 0.0.0-use.local
  resolution: "gakumas-engine@workspace:."
  dependencies:
    gakumas-data: ../gakumas-data
  languageName: unknown
  linkType: soft
